
Microsoft Visual Studio Solution File, Format Version 12.00
# Visual Studio Version 16
VisualStudioVersion = 16.0.30320.27
MinimumVisualStudioVersion = 10.0.40219.1
Project("{9A19103F-16F7-4668-BE54-9A1E7A4F7556}") = "Plaive.WebApp", "Plaive.WebApp\Plaive.WebApp.csproj", "{CBA66FF0-D437-46FC-B344-B24A0B88C3D1}"
EndProject
Global
	GlobalSection(SolutionConfigurationPlatforms) = preSolution
		Debug|Any CPU = Debug|Any CPU
		Release|Any CPU = Release|Any CPU
	EndGlobalSection
	GlobalSection(ProjectConfigurationPlatforms) = postSolution
		{CBA66FF0-D437-46FC-B344-B24A0B88C3D1}.Debug|Any CPU.ActiveCfg = Debug|Any CPU
		{CBA66FF0-D437-46FC-B344-B24A0B88C3D1}.Debug|Any CPU.Build.0 = Debug|Any CPU
		{CBA66FF0-D437-46FC-B344-B24A0B88C3D1}.Release|Any CPU.ActiveCfg = Release|Any CPU
		{CBA66FF0-D437-46FC-B344-B24A0B88C3D1}.Release|Any CPU.Build.0 = Release|Any CPU
	EndGlobalSection
	GlobalSection(SolutionProperties) = preSolution
		HideSolutionNode = FALSE
	EndGlobalSection
	GlobalSection(ExtensibilityGlobals) = postSolution
		SolutionGuid = {50E3ADDF-93B0-4C93-94C0-46A52E99E9D2}
	EndGlobalSection
EndGlobal
